
Microsoft Visual Studio Solution File, Format Version 12.00
# Visual Studio Version 16
VisualStudioVersion = 16.0.30524.135
MinimumVisualStudioVersion = 10.0.40219.1
Project("{9A19103F-16F7-4668-BE54-9A1E7A4F7556}") = "dotnet-blazor-games", "dotnet-blazor-games\dotnet-blazor-games.csproj", "{BD8B09AE-1BFD-4F69-AAC3-6A18964EFD64}"
EndProject
Global
	GlobalSection(SolutionConfigurationPlatforms) = preSolution
		Debug|Any CPU = Debug|Any CPU
		Release|Any CPU = Release|Any CPU
	EndGlobalSection
	GlobalSection(ProjectConfigurationPlatforms) = postSolution
		{BD8B09AE-1BFD-4F69-AAC3-6A18964EFD64}.Debug|Any CPU.ActiveCfg = Debug|Any CPU
		{BD8B09AE-1BFD-4F69-AAC3-6A18964EFD64}.Debug|Any CPU.Build.0 = Debug|Any CPU
		{BD8B09AE-1BFD-4F69-AAC3-6A18964EFD64}.Release|Any CPU.ActiveCfg = Release|Any CPU
		{BD8B09AE-1BFD-4F69-AAC3-6A18964EFD64}.Release|Any CPU.Build.0 = Release|Any CPU
	EndGlobalSection
	GlobalSection(SolutionProperties) = preSolution
		HideSolutionNode = FALSE
	EndGlobalSection
	GlobalSection(ExtensibilityGlobals) = postSolution
		SolutionGuid = {66E18554-8F2C-4533-9EFF-2E1E8354D0EF}
	EndGlobalSection
EndGlobal
